
Microsoft Visual Studio Solution File, Format Version 12.00
# Visual Studio Version 17
VisualStudioVersion = 17.2.32630.192
MinimumVisualStudioVersion = 10.0.40219.1
Project("{9A19103F-16F7-4668-BE54-9A1E7A4F7556}") = "ArgentumSite", "ArgentumSite\ArgentumSite.csproj", "{AD98767F-5ACB-494D-AFF3-E04CDEB9A833}"
EndProject
Global
	GlobalSection(SolutionConfigurationPlatforms) = preSolution
		Debug|Any CPU = Debug|Any CPU
		Release|Any CPU = Release|Any CPU
	EndGlobalSection
	GlobalSection(ProjectConfigurationPlatforms) = postSolution
		{AD98767F-5ACB-494D-AFF3-E04CDEB9A833}.Debug|Any CPU.ActiveCfg = Debug|Any CPU
		{AD98767F-5ACB-494D-AFF3-E04CDEB9A833}.Debug|Any CPU.Build.0 = Debug|Any CPU
		{AD98767F-5ACB-494D-AFF3-E04CDEB9A833}.Release|Any CPU.ActiveCfg = Release|Any CPU
		{AD98767F-5ACB-494D-AFF3-E04CDEB9A833}.Release|Any CPU.Build.0 = Release|Any CPU
	EndGlobalSection
	GlobalSection(SolutionProperties) = preSolution
		HideSolutionNode = FALSE
	EndGlobalSection
	GlobalSection(ExtensibilityGlobals) = postSolution
		SolutionGuid = {B0D1432B-C2C9-4DC8-8929-A1AE729F141A}
	EndGlobalSection
EndGlobal
